
Microsoft Visual Studio Solution File, Format Version 10.00
# Visual Studio 2008
Project("{8BC9CEB8-8B4A-11D0-8D11-00A0C91BC942}") = "sqlite3", "..\..\..\..\AMII\src\3rdLib\sqlite3\sqlite3.vcproj", "{1133D582-DFE3-4378-9CA3-EB6C3943203A}"
EndProject
Project("{8BC9CEB8-8B4A-11D0-8D11-00A0C91BC942}") = "adapter", "..\..\..\..\AMII\src\Platform\adapter.vcproj", "{2F518F2E-30CA-485F-9D2E-D5FB47CBA7AD}"
	ProjectSection(ProjectDependencies) = postProject
		{E7C5B185-1186-40ED-9B7D-F2EC38A0B5EF} = {E7C5B185-1186-40ED-9B7D-F2EC38A0B5EF}
	EndProjectSection
EndProject
Project("{8BC9CEB8-8B4A-11D0-8D11-00A0C91BC942}") = "cstl", "..\..\..\..\AMII\src\3rdLib\cstl\cstl.vcproj", "{12BF6C86-941A-4837-9E9D-EBE50DBFF24B}"
EndProject
Project("{8BC9CEB8-8B4A-11D0-8D11-00A0C91BC942}") = "util", "..\..\..\..\AMII\src\3rdLib\util\util.vcproj", "{E690419D-5C3F-4967-83B2-A109C3F52E2E}"
EndProject
Project("{8BC9CEB8-8B4A-11D0-8D11-00A0C91BC942}") = "zlib2", "..\..\..\..\AMII\src\3rdLib\zlib2\zlib2.vcproj", "{9D9876EE-29AE-4ED6-A74C-E39C3CCF0C02}"
EndProject
Project("{8BC9CEB8-8B4A-11D0-8D11-00A0C91BC942}") = "PacketConnection", "..\..\..\PacketConnection\src\PacketConnection.vcproj", "{02A519F9-563C-4B2B-AE36-D275280E2EB9}"
	ProjectSection(ProjectDependencies) = postProject
		{2F518F2E-30CA-485F-9D2E-D5FB47CBA7AD} = {2F518F2E-30CA-485F-9D2E-D5FB47CBA7AD}
		{12BF6C86-941A-4837-9E9D-EBE50DBFF24B} = {12BF6C86-941A-4837-9E9D-EBE50DBFF24B}
	EndProjectSection
EndProject
Project("{8BC9CEB8-8B4A-11D0-8D11-00A0C91BC942}") = "Http", "..\..\..\..\AMII\src\3rdLib\ghttp\win32\Http.vcproj", "{9CF71EC6-596C-41AA-8635-D6133299B0CF}"
EndProject
Project("{8BC9CEB8-8B4A-11D0-8D11-00A0C91BC942}") = "IAIMTest2", "IAIMTest2.vcproj", "{0E7C9A3F-1A23-41C9-BA97-00531BFC2F93}"
	ProjectSection(ProjectDependencies) = postProject
		{F7BCE11B-FC39-4543-AB38-20CE365EADD1} = {F7BCE11B-FC39-4543-AB38-20CE365EADD1}
		{12BF6C86-941A-4837-9E9D-EBE50DBFF24B} = {12BF6C86-941A-4837-9E9D-EBE50DBFF24B}
	EndProjectSection
EndProject
Project("{8BC9CEB8-8B4A-11D0-8D11-00A0C91BC942}") = "IMProtocolApi", "..\..\..\IMProtocolApi\MIMNet\src\IMProtocol.vcproj", "{ED0A155D-05E9-4215-B382-CE59B3D8233D}"
	ProjectSection(ProjectDependencies) = postProject
		{2F518F2E-30CA-485F-9D2E-D5FB47CBA7AD} = {2F518F2E-30CA-485F-9D2E-D5FB47CBA7AD}
		{E7C5B185-1186-40ED-9B7D-F2EC38A0B5EF} = {E7C5B185-1186-40ED-9B7D-F2EC38A0B5EF}
		{E690419D-5C3F-4967-83B2-A109C3F52E2E} = {E690419D-5C3F-4967-83B2-A109C3F52E2E}
		{9D9876EE-29AE-4ED6-A74C-E39C3CCF0C02} = {9D9876EE-29AE-4ED6-A74C-E39C3CCF0C02}
		{02A519F9-563C-4B2B-AE36-D275280E2EB9} = {02A519F9-563C-4B2B-AE36-D275280E2EB9}
	EndProjectSection
EndProject
Project("{8BC9CEB8-8B4A-11D0-8D11-00A0C91BC942}") = "pthread_winDLL", "..\..\..\..\AMII\src\3rdLib\pthread_win\pthread_winDLL.vcproj", "{E7C5B185-1186-40ED-9B7D-F2EC38A0B5EF}"
EndProject
Project("{8BC9CEB8-8B4A-11D0-8D11-00A0C91BC942}") = "IAIMJni", "..\IAIMJni\IAIMJni.vcproj", "{8D37FFB8-DF04-407B-BF30-A9ABDBAD7A22}"
	ProjectSection(ProjectDependencies) = postProject
		{F7BCE11B-FC39-4543-AB38-20CE365EADD1} = {F7BCE11B-FC39-4543-AB38-20CE365EADD1}
	EndProjectSection
EndProject
Project("{8BC9CEB8-8B4A-11D0-8D11-00A0C91BC942}") = "IAIMServiceGrp", "..\..\src\IAIMServiceGrp.vcproj", "{F7BCE11B-FC39-4543-AB38-20CE365EADD1}"
	ProjectSection(ProjectDependencies) = postProject
		{2F518F2E-30CA-485F-9D2E-D5FB47CBA7AD} = {2F518F2E-30CA-485F-9D2E-D5FB47CBA7AD}
		{ED0A155D-05E9-4215-B382-CE59B3D8233D} = {ED0A155D-05E9-4215-B382-CE59B3D8233D}
		{1133D582-DFE3-4378-9CA3-EB6C3943203A} = {1133D582-DFE3-4378-9CA3-EB6C3943203A}
		{12BF6C86-941A-4837-9E9D-EBE50DBFF24B} = {12BF6C86-941A-4837-9E9D-EBE50DBFF24B}
		{9CF71EC6-596C-41AA-8635-D6133299B0CF} = {9CF71EC6-596C-41AA-8635-D6133299B0CF}
	EndProjectSection
EndProject
Global
	GlobalSection(SolutionConfigurationPlatforms) = preSolution
		Debug|Win32 = Debug|Win32
		Debug|Windows Mobile 5.0 Pocket PC SDK (ARMV4I) = Debug|Windows Mobile 5.0 Pocket PC SDK (ARMV4I)
		Debug|Windows Mobile 6 Professional SDK (ARMV4I) = Debug|Windows Mobile 6 Professional SDK (ARMV4I)
		Release|Win32 = Release|Win32
		Release|Windows Mobile 5.0 Pocket PC SDK (ARMV4I) = Release|Windows Mobile 5.0 Pocket PC SDK (ARMV4I)
		Release|Windows Mobile 6 Professional SDK (ARMV4I) = Release|Windows Mobile 6 Professional SDK (ARMV4I)
	EndGlobalSection
	GlobalSection(ProjectConfigurationPlatforms) = postSolution
		{1133D582-DFE3-4378-9CA3-EB6C3943203A}.Debug|Win32.ActiveCfg = Debug|Win32
		{1133D582-DFE3-4378-9CA3-EB6C3943203A}.Debug|Win32.Build.0 = Debug|Win32
		{1133D582-DFE3-4378-9CA3-EB6C3943203A}.Debug|Windows Mobile 5.0 Pocket PC SDK (ARMV4I).ActiveCfg = Debug|Windows Mobile 5.0 Pocket PC SDK (ARMV4I)
		{1133D582-DFE3-4378-9CA3-EB6C3943203A}.Debug|Windows Mobile 5.0 Pocket PC SDK (ARMV4I).Build.0 = Debug|Windows Mobile 5.0 Pocket PC SDK (ARMV4I)
		{1133D582-DFE3-4378-9CA3-EB6C3943203A}.Debug|Windows Mobile 5.0 Pocket PC SDK (ARMV4I).Deploy.0 = Debug|Windows Mobile 5.0 Pocket PC SDK (ARMV4I)
		{1133D582-DFE3-4378-9CA3-EB6C3943203A}.Debug|Windows Mobile 6 Professional SDK (ARMV4I).ActiveCfg = Debug|Windows Mobile 5.0 Pocket PC SDK (ARMV4I)
		{1133D582-DFE3-4378-9CA3-EB6C3943203A}.Release|Win32.ActiveCfg = Release|Win32
		{1133D582-DFE3-4378-9CA3-EB6C3943203A}.Release|Win32.Build.0 = Release|Win32
		{1133D582-DFE3-4378-9CA3-EB6C3943203A}.Release|Windows Mobile 5.0 Pocket PC SDK (ARMV4I).ActiveCfg = Release|Windows Mobile 5.0 Pocket PC SDK (ARMV4I)
		{1133D582-DFE3-4378-9CA3-EB6C3943203A}.Release|Windows Mobile 5.0 Pocket PC SDK (ARMV4I).Build.0 = Release|Windows Mobile 5.0 Pocket PC SDK (ARMV4I)
		{1133D582-DFE3-4378-9CA3-EB6C3943203A}.Release|Windows Mobile 5.0 Pocket PC SDK (ARMV4I).Deploy.0 = Release|Windows Mobile 5.0 Pocket PC SDK (ARMV4I)
		{1133D582-DFE3-4378-9CA3-EB6C3943203A}.Release|Windows Mobile 6 Professional SDK (ARMV4I).ActiveCfg = Release|Windows Mobile 5.0 Pocket PC SDK (ARMV4I)
		{2F518F2E-30CA-485F-9D2E-D5FB47CBA7AD}.Debug|Win32.ActiveCfg = Debug|Win32
		{2F518F2E-30CA-485F-9D2E-D5FB47CBA7AD}.Debug|Win32.Build.0 = Debug|Win32
		{2F518F2E-30CA-485F-9D2E-D5FB47CBA7AD}.Debug|Windows Mobile 5.0 Pocket PC SDK (ARMV4I).ActiveCfg = Debug|Windows Mobile 5.0 Pocket PC SDK (ARMV4I)
		{2F518F2E-30CA-485F-9D2E-D5FB47CBA7AD}.Debug|Windows Mobile 5.0 Pocket PC SDK (ARMV4I).Build.0 = Debug|Windows Mobile 5.0 Pocket PC SDK (ARMV4I)
		{2F518F2E-30CA-485F-9D2E-D5FB47CBA7AD}.Debug|Windows Mobile 5.0 Pocket PC SDK (ARMV4I).Deploy.0 = Debug|Windows Mobile 5.0 Pocket PC SDK (ARMV4I)
		{2F518F2E-30CA-485F-9D2E-D5FB47CBA7AD}.Debug|Windows Mobile 6 Professional SDK (ARMV4I).ActiveCfg = Debug|Windows Mobile 6 Professional SDK (ARMV4I)
		{2F518F2E-30CA-485F-9D2E-D5FB47CBA7AD}.Debug|Windows Mobile 6 Professional SDK (ARMV4I).Build.0 = Debug|Windows Mobile 6 Professional SDK (ARMV4I)
		{2F518F2E-30CA-485F-9D2E-D5FB47CBA7AD}.Debug|Windows Mobile 6 Professional SDK (ARMV4I).Deploy.0 = Debug|Windows Mobile 6 Professional SDK (ARMV4I)
		{2F518F2E-30CA-485F-9D2E-D5FB47CBA7AD}.Release|Win32.ActiveCfg = Release|Win32
		{2F518F2E-30CA-485F-9D2E-D5FB47CBA7AD}.Release|Win32.Build.0 = Release|Win32
		{2F518F2E-30CA-485F-9D2E-D5FB47CBA7AD}.Release|Windows Mobile 5.0 Pocket PC SDK (ARMV4I).ActiveCfg = Release|Windows Mobile 5.0 Pocket PC SDK (ARMV4I)
		{2F518F2E-30CA-485F-9D2E-D5FB47CBA7AD}.Release|Windows Mobile 5.0 Pocket PC SDK (ARMV4I).Build.0 = Release|Windows Mobile 5.0 Pocket PC SDK (ARMV4I)
		{2F518F2E-30CA-485F-9D2E-D5FB47CBA7AD}.Release|Windows Mobile 5.0 Pocket PC SDK (ARMV4I).Deploy.0 = Release|Windows Mobile 5.0 Pocket PC SDK (ARMV4I)
		{2F518F2E-30CA-485F-9D2E-D5FB47CBA7AD}.Release|Windows Mobile 6 Professional SDK (ARMV4I).ActiveCfg = Release|Windows Mobile 6 Professional SDK (ARMV4I)
		{2F518F2E-30CA-485F-9D2E-D5FB47CBA7AD}.Release|Windows Mobile 6 Professional SDK (ARMV4I).Build.0 = Release|Windows Mobile 6 Professional SDK (ARMV4I)
		{2F518F2E-30CA-485F-9D2E-D5FB47CBA7AD}.Release|Windows Mobile 6 Professional SDK (ARMV4I).Deploy.0 = Release|Windows Mobile 6 Professional SDK (ARMV4I)
		{12BF6C86-941A-4837-9E9D-EBE50DBFF24B}.Debug|Win32.ActiveCfg = Debug|Win32
		{12BF6C86-941A-4837-9E9D-EBE50DBFF24B}.Debug|Win32.Build.0 = Debug|Win32
		{12BF6C86-941A-4837-9E9D-EBE50DBFF24B}.Debug|Windows Mobile 5.0 Pocket PC SDK (ARMV4I).ActiveCfg = Debug|Windows Mobile 5.0 Pocket PC SDK (ARMV4I)
		{12BF6C86-941A-4837-9E9D-EBE50DBFF24B}.Debug|Windows Mobile 5.0 Pocket PC SDK (ARMV4I).Build.0 = Debug|Windows Mobile 5.0 Pocket PC SDK (ARMV4I)
		{12BF6C86-941A-4837-9E9D-EBE50DBFF24B}.Debug|Windows Mobile 5.0 Pocket PC SDK (ARMV4I).Deploy.0 = Debug|Windows Mobile 5.0 Pocket PC SDK (ARMV4I)
		{12BF6C86-941A-4837-9E9D-EBE50DBFF24B}.Debug|Windows Mobile 6 Professional SDK (ARMV4I).ActiveCfg = Debug|Windows Mobile 6 Professional SDK (ARMV4I)
		{12BF6C86-941A-4837-9E9D-EBE50DBFF24B}.Debug|Windows Mobile 6 Professional SDK (ARMV4I).Build.0 = Debug|Windows Mobile 6 Professional SDK (ARMV4I)
		{12BF6C86-941A-4837-9E9D-EBE50DBFF24B}.Debug|Windows Mobile 6 Professional SDK (ARMV4I).Deploy.0 = Debug|Windows Mobile 6 Professional SDK (ARMV4I)
		{12BF6C86-941A-4837-9E9D-EBE50DBFF24B}.Release|Win32.ActiveCfg = Release|Win32
		{12BF6C86-941A-4837-9E9D-EBE50DBFF24B}.Release|Win32.Build.0 = Release|Win32
		{12BF6C86-941A-4837-9E9D-EBE50DBFF24B}.Release|Windows Mobile 5.0 Pocket PC SDK (ARMV4I).ActiveCfg = Release|Windows Mobile 5.0 Pocket PC SDK (ARMV4I)
		{12BF6C86-941A-4837-9E9D-EBE50DBFF24B}.Release|Windows Mobile 5.0 Pocket PC SDK (ARMV4I).Build.0 = Release|Windows Mobile 5.0 Pocket PC SDK (ARMV4I)
		{12BF6C86-941A-4837-9E9D-EBE50DBFF24B}.Release|Windows Mobile 5.0 Pocket PC SDK (ARMV4I).Deploy.0 = Release|Windows Mobile 5.0 Pocket PC SDK (ARMV4I)
		{12BF6C86-941A-4837-9E9D-EBE50DBFF24B}.Release|Windows Mobile 6 Professional SDK (ARMV4I).ActiveCfg = Release|Windows Mobile 6 Professional SDK (ARMV4I)
		{12BF6C86-941A-4837-9E9D-EBE50DBFF24B}.Release|Windows Mobile 6 Professional SDK (ARMV4I).Build.0 = Release|Windows Mobile 6 Professional SDK (ARMV4I)
		{12BF6C86-941A-4837-9E9D-EBE50DBFF24B}.Release|Windows Mobile 6 Professional SDK (ARMV4I).Deploy.0 = Release|Windows Mobile 6 Professional SDK (ARMV4I)
		{E690419D-5C3F-4967-83B2-A109C3F52E2E}.Debug|Win32.ActiveCfg = Debug|Win32
		{E690419D-5C3F-4967-83B2-A109C3F52E2E}.Debug|Win32.Build.0 = Debug|Win32
		{E690419D-5C3F-4967-83B2-A109C3F52E2E}.Debug|Windows Mobile 5.0 Pocket PC SDK (ARMV4I).ActiveCfg = Debug|Windows Mobile 5.0 Pocket PC SDK (ARMV4I)
		{E690419D-5C3F-4967-83B2-A109C3F52E2E}.Debug|Windows Mobile 5.0 Pocket PC SDK (ARMV4I).Build.0 = Debug|Windows Mobile 5.0 Pocket PC SDK (ARMV4I)
		{E690419D-5C3F-4967-83B2-A109C3F52E2E}.Debug|Windows Mobile 5.0 Pocket PC SDK (ARMV4I).Deploy.0 = Debug|Windows Mobile 5.0 Pocket PC SDK (ARMV4I)
		{E690419D-5C3F-4967-83B2-A109C3F52E2E}.Debug|Windows Mobile 6 Professional SDK (ARMV4I).ActiveCfg = Debug|Windows Mobile 5.0 Pocket PC SDK (ARMV4I)
		{E690419D-5C3F-4967-83B2-A109C3F52E2E}.Release|Win32.ActiveCfg = Release|Win32
		{E690419D-5C3F-4967-83B2-A109C3F52E2E}.Release|Win32.Build.0 = Release|Win32
		{E690419D-5C3F-4967-83B2-A109C3F52E2E}.Release|Windows Mobile 5.0 Pocket PC SDK (ARMV4I).ActiveCfg = Release|Windows Mobile 5.0 Pocket PC SDK (ARMV4I)
		{E690419D-5C3F-4967-83B2-A109C3F52E2E}.Release|Windows Mobile 5.0 Pocket PC SDK (ARMV4I).Build.0 = Release|Windows Mobile 5.0 Pocket PC SDK (ARMV4I)
		{E690419D-5C3F-4967-83B2-A109C3F52E2E}.Release|Windows Mobile 5.0 Pocket PC SDK (ARMV4I).Deploy.0 = Release|Windows Mobile 5.0 Pocket PC SDK (ARMV4I)
		{E690419D-5C3F-4967-83B2-A109C3F52E2E}.Release|Windows Mobile 6 Professional SDK (ARMV4I).ActiveCfg = Release|Windows Mobile 5.0 Pocket PC SDK (ARMV4I)
		{9D9876EE-29AE-4ED6-A74C-E39C3CCF0C02}.Debug|Win32.ActiveCfg = Debug|Win32
		{9D9876EE-29AE-4ED6-A74C-E39C3CCF0C02}.Debug|Win32.Build.0 = Debug|Win32
		{9D9876EE-29AE-4ED6-A74C-E39C3CCF0C02}.Debug|Windows Mobile 5.0 Pocket PC SDK (ARMV4I).ActiveCfg = Debug|Windows Mobile 5.0 Pocket PC SDK (ARMV4I)
		{9D9876EE-29AE-4ED6-A74C-E39C3CCF0C02}.Debug|Windows Mobile 5.0 Pocket PC SDK (ARMV4I).Build.0 = Debug|Windows Mobile 5.0 Pocket PC SDK (ARMV4I)
		{9D9876EE-29AE-4ED6-A74C-E39C3CCF0C02}.Debug|Windows Mobile 5.0 Pocket PC SDK (ARMV4I).Deploy.0 = Debug|Windows Mobile 5.0 Pocket PC SDK (ARMV4I)
		{9D9876EE-29AE-4ED6-A74C-E39C3CCF0C02}.Debug|Windows Mobile 6 Professional SDK (ARMV4I).ActiveCfg = Debug|Windows Mobile 5.0 Pocket PC SDK (ARMV4I)
		{9D9876EE-29AE-4ED6-A74C-E39C3CCF0C02}.Release|Win32.ActiveCfg = Release|Win32
		{9D9876EE-29AE-4ED6-A74C-E39C3CCF0C02}.Release|Win32.Build.0 = Release|Win32
		{9D9876EE-29AE-4ED6-A74C-E39C3CCF0C02}.Release|Windows Mobile 5.0 Pocket PC SDK (ARMV4I).ActiveCfg = Release|Windows Mobile 5.0 Pocket PC SDK (ARMV4I)
		{9D9876EE-29AE-4ED6-A74C-E39C3CCF0C02}.Release|Windows Mobile 5.0 Pocket PC SDK (ARMV4I).Build.0 = Release|Windows Mobile 5.0 Pocket PC SDK (ARMV4I)
		{9D9876EE-29AE-4ED6-A74C-E39C3CCF0C02}.Release|Windows Mobile 5.0 Pocket PC SDK (ARMV4I).Deploy.0 = Release|Windows Mobile 5.0 Pocket PC SDK (ARMV4I)
		{9D9876EE-29AE-4ED6-A74C-E39C3CCF0C02}.Release|Windows Mobile 6 Professional SDK (ARMV4I).ActiveCfg = Release|Windows Mobile 5.0 Pocket PC SDK (ARMV4I)
		{02A519F9-563C-4B2B-AE36-D275280E2EB9}.Debug|Win32.ActiveCfg = Debug|Win32
		{02A519F9-563C-4B2B-AE36-D275280E2EB9}.Debug|Win32.Build.0 = Debug|Win32
		{02A519F9-563C-4B2B-AE36-D275280E2EB9}.Debug|Windows Mobile 5.0 Pocket PC SDK (ARMV4I).ActiveCfg = Debug|Win32
		{02A519F9-563C-4B2B-AE36-D275280E2EB9}.Debug|Windows Mobile 6 Professional SDK (ARMV4I).ActiveCfg = Debug|Win32
		{02A519F9-563C-4B2B-AE36-D275280E2EB9}.Release|Win32.ActiveCfg = Release|Win32
		{02A519F9-563C-4B2B-AE36-D275280E2EB9}.Release|Win32.Build.0 = Release|Win32
		{02A519F9-563C-4B2B-AE36-D275280E2EB9}.Release|Windows Mobile 5.0 Pocket PC SDK (ARMV4I).ActiveCfg = Release|Win32
		{02A519F9-563C-4B2B-AE36-D275280E2EB9}.Release|Windows Mobile 6 Professional SDK (ARMV4I).ActiveCfg = Release|Win32
		{9CF71EC6-596C-41AA-8635-D6133299B0CF}.Debug|Win32.ActiveCfg = Debug|Win32
		{9CF71EC6-596C-41AA-8635-D6133299B0CF}.Debug|Win32.Build.0 = Debug|Win32
		{9CF71EC6-596C-41AA-8635-D6133299B0CF}.Debug|Windows Mobile 5.0 Pocket PC SDK (ARMV4I).ActiveCfg = Debug|Win32
		{9CF71EC6-596C-41AA-8635-D6133299B0CF}.Debug|Windows Mobile 6 Professional SDK (ARMV4I).ActiveCfg = Debug|Win32
		{9CF71EC6-596C-41AA-8635-D6133299B0CF}.Release|Win32.ActiveCfg = Release|Win32
		{9CF71EC6-596C-41AA-8635-D6133299B0CF}.Release|Win32.Build.0 = Release|Win32
		{9CF71EC6-596C-41AA-8635-D6133299B0CF}.Release|Windows Mobile 5.0 Pocket PC SDK (ARMV4I).ActiveCfg = Release|Win32
		{9CF71EC6-596C-41AA-8635-D6133299B0CF}.Release|Windows Mobile 6 Professional SDK (ARMV4I).ActiveCfg = Release|Win32
		{0E7C9A3F-1A23-41C9-BA97-00531BFC2F93}.Debug|Win32.ActiveCfg = Debug|Win32
		{0E7C9A3F-1A23-41C9-BA97-00531BFC2F93}.Debug|Win32.Build.0 = Debug|Win32
		{0E7C9A3F-1A23-41C9-BA97-00531BFC2F93}.Debug|Windows Mobile 5.0 Pocket PC SDK (ARMV4I).ActiveCfg = Debug|Win32
		{0E7C9A3F-1A23-41C9-BA97-00531BFC2F93}.Debug|Windows Mobile 6 Professional SDK (ARMV4I).ActiveCfg = Debug|Win32
		{0E7C9A3F-1A23-41C9-BA97-00531BFC2F93}.Release|Win32.ActiveCfg = Release|Win32
		{0E7C9A3F-1A23-41C9-BA97-00531BFC2F93}.Release|Win32.Build.0 = Release|Win32
		{0E7C9A3F-1A23-41C9-BA97-00531BFC2F93}.Release|Windows Mobile 5.0 Pocket PC SDK (ARMV4I).ActiveCfg = Release|Win32
		{0E7C9A3F-1A23-41C9-BA97-00531BFC2F93}.Release|Windows Mobile 6 Professional SDK (ARMV4I).ActiveCfg = Release|Win32
		{ED0A155D-05E9-4215-B382-CE59B3D8233D}.Debug|Win32.ActiveCfg = Debug|Win32
		{ED0A155D-05E9-4215-B382-CE59B3D8233D}.Debug|Win32.Build.0 = Debug|Win32
		{ED0A155D-05E9-4215-B382-CE59B3D8233D}.Debug|Windows Mobile 5.0 Pocket PC SDK (ARMV4I).ActiveCfg = Debug|Win32
		{ED0A155D-05E9-4215-B382-CE59B3D8233D}.Debug|Windows Mobile 6 Professional SDK (ARMV4I).ActiveCfg = Debug|Win32
		{ED0A155D-05E9-4215-B382-CE59B3D8233D}.Release|Win32.ActiveCfg = Release|Win32
		{ED0A155D-05E9-4215-B382-CE59B3D8233D}.Release|Win32.Build.0 = Release|Win32
		{ED0A155D-05E9-4215-B382-CE59B3D8233D}.Release|Windows Mobile 5.0 Pocket PC SDK (ARMV4I).ActiveCfg = Release|Win32
		{ED0A155D-05E9-4215-B382-CE59B3D8233D}.Release|Windows Mobile 6 Professional SDK (ARMV4I).ActiveCfg = Release|Win32
		{E7C5B185-1186-40ED-9B7D-F2EC38A0B5EF}.Debug|Win32.ActiveCfg = Debug|Win32
		{E7C5B185-1186-40ED-9B7D-F2EC38A0B5EF}.Debug|Win32.Build.0 = Debug|Win32
		{E7C5B185-1186-40ED-9B7D-F2EC38A0B5EF}.Debug|Windows Mobile 5.0 Pocket PC SDK (ARMV4I).ActiveCfg = Debug|Windows Mobile 5.0 Pocket PC SDK (ARMV4I)
		{E7C5B185-1186-40ED-9B7D-F2EC38A0B5EF}.Debug|Windows Mobile 5.0 Pocket PC SDK (ARMV4I).Build.0 = Debug|Windows Mobile 5.0 Pocket PC SDK (ARMV4I)
		{E7C5B185-1186-40ED-9B7D-F2EC38A0B5EF}.Debug|Windows Mobile 5.0 Pocket PC SDK (ARMV4I).Deploy.0 = Debug|Windows Mobile 5.0 Pocket PC SDK (ARMV4I)
		{E7C5B185-1186-40ED-9B7D-F2EC38A0B5EF}.Debug|Windows Mobile 6 Professional SDK (ARMV4I).ActiveCfg = Debug|Windows Mobile 6 Professional SDK (ARMV4I)
		{E7C5B185-1186-40ED-9B7D-F2EC38A0B5EF}.Debug|Windows Mobile 6 Professional SDK (ARMV4I).Build.0 = Debug|Windows Mobile 6 Professional SDK (ARMV4I)
		{E7C5B185-1186-40ED-9B7D-F2EC38A0B5EF}.Debug|Windows Mobile 6 Professional SDK (ARMV4I).Deploy.0 = Debug|Windows Mobile 6 Professional SDK (ARMV4I)
		{E7C5B185-1186-40ED-9B7D-F2EC38A0B5EF}.Release|Win32.ActiveCfg = Release|Win32
		{E7C5B185-1186-40ED-9B7D-F2EC38A0B5EF}.Release|Win32.Build.0 = Release|Win32
		{E7C5B185-1186-40ED-9B7D-F2EC38A0B5EF}.Release|Windows Mobile 5.0 Pocket PC SDK (ARMV4I).ActiveCfg = Release|Windows Mobile 5.0 Pocket PC SDK (ARMV4I)
		{E7C5B185-1186-40ED-9B7D-F2EC38A0B5EF}.Release|Windows Mobile 5.0 Pocket PC SDK (ARMV4I).Build.0 = Release|Windows Mobile 5.0 Pocket PC SDK (ARMV4I)
		{E7C5B185-1186-40ED-9B7D-F2EC38A0B5EF}.Release|Windows Mobile 5.0 Pocket PC SDK (ARMV4I).Deploy.0 = Release|Windows Mobile 5.0 Pocket PC SDK (ARMV4I)
		{E7C5B185-1186-40ED-9B7D-F2EC38A0B5EF}.Release|Windows Mobile 6 Professional SDK (ARMV4I).ActiveCfg = Release|Windows Mobile 6 Professional SDK (ARMV4I)
		{E7C5B185-1186-40ED-9B7D-F2EC38A0B5EF}.Release|Windows Mobile 6 Professional SDK (ARMV4I).Build.0 = Release|Windows Mobile 6 Professional SDK (ARMV4I)
		{E7C5B185-1186-40ED-9B7D-F2EC38A0B5EF}.Release|Windows Mobile 6 Professional SDK (ARMV4I).Deploy.0 = Release|Windows Mobile 6 Professional SDK (ARMV4I)
		{8D37FFB8-DF04-407B-BF30-A9ABDBAD7A22}.Debug|Win32.ActiveCfg = Debug|Win32
		{8D37FFB8-DF04-407B-BF30-A9ABDBAD7A22}.Debug|Win32.Build.0 = Debug|Win32
		{8D37FFB8-DF04-407B-BF30-A9ABDBAD7A22}.Debug|Windows Mobile 5.0 Pocket PC SDK (ARMV4I).ActiveCfg = Debug|Win32
		{8D37FFB8-DF04-407B-BF30-A9ABDBAD7A22}.Debug|Windows Mobile 6 Professional SDK (ARMV4I).ActiveCfg = Debug|Win32
		{8D37FFB8-DF04-407B-BF30-A9ABDBAD7A22}.Release|Win32.ActiveCfg = Release|Win32
		{8D37FFB8-DF04-407B-BF30-A9ABDBAD7A22}.Release|Win32.Build.0 = Release|Win32
		{8D37FFB8-DF04-407B-BF30-A9ABDBAD7A22}.Release|Windows Mobile 5.0 Pocket PC SDK (ARMV4I).ActiveCfg = Release|Win32
		{8D37FFB8-DF04-407B-BF30-A9ABDBAD7A22}.Release|Windows Mobile 6 Professional SDK (ARMV4I).ActiveCfg = Release|Win32
		{F7BCE11B-FC39-4543-AB38-20CE365EADD1}.Debug|Win32.ActiveCfg = Debug|Win32
		{F7BCE11B-FC39-4543-AB38-20CE365EADD1}.Debug|Win32.Build.0 = Debug|Win32
		{F7BCE11B-FC39-4543-AB38-20CE365EADD1}.Debug|Windows Mobile 5.0 Pocket PC SDK (ARMV4I).ActiveCfg = Debug|Win32
		{F7BCE11B-FC39-4543-AB38-20CE365EADD1}.Debug|Windows Mobile 6 Professional SDK (ARMV4I).ActiveCfg = Debug|Win32
		{F7BCE11B-FC39-4543-AB38-20CE365EADD1}.Release|Win32.ActiveCfg = Release|Win32
		{F7BCE11B-FC39-4543-AB38-20CE365EADD1}.Release|Win32.Build.0 = Release|Win32
		{F7BCE11B-FC39-4543-AB38-20CE365EADD1}.Release|Windows Mobile 5.0 Pocket PC SDK (ARMV4I).ActiveCfg = Release|Win32
		{F7BCE11B-FC39-4543-AB38-20CE365EADD1}.Release|Windows Mobile 6 Professional SDK (ARMV4I).ActiveCfg = Release|Win32
	EndGlobalSection
	GlobalSection(SolutionProperties) = preSolution
		HideSolutionNode = FALSE
	EndGlobalSection
EndGlobal
