// !$*UTF8*$!
{
	archiveVersion = 1;
	classes = {
	};
	objectVersion = 46;
	objects = {

/* Begin PBXBuildFile section */
		9DB3AFA315FDD531008DE08E /* UIKit.framework in Frameworks */ = {isa = PBXBuildFile; fileRef = 9DB3AFA215FDD531008DE08E /* UIKit.framework */; };
		9DB3AFA515FDD531008DE08E /* Foundation.framework in Frameworks */ = {isa = PBXBuildFile; fileRef = 9DB3AFA415FDD531008DE08E /* Foundation.framework */; };
		9DB3AFA715FDD531008DE08E /* CoreGraphics.framework in Frameworks */ = {isa = PBXBuildFile; fileRef = 9DB3AFA615FDD531008DE08E /* CoreGraphics.framework */; };
		9DB3AFAD15FDD531008DE08E /* InfoPlist.strings in Resources */ = {isa = PBXBuildFile; fileRef = 9DB3AFAB15FDD531008DE08E /* InfoPlist.strings */; };
		9DB3AFAF15FDD531008DE08E /* main.m in Sources */ = {isa = PBXBuildFile; fileRef = 9DB3AFAE15FDD531008DE08E /* main.m */; };
		9DB3AFB315FDD531008DE08E /* STAppDelegate.m in Sources */ = {isa = PBXBuildFile; fileRef = 9DB3AFB215FDD531008DE08E /* STAppDelegate.m */; };
		9DB3AFB615FDD531008DE08E /* STViewController.m in Sources */ = {isa = PBXBuildFile; fileRef = 9DB3AFB515FDD531008DE08E /* STViewController.m */; };
		9DB3AFB915FDD531008DE08E /* STViewController.xib in Resources */ = {isa = PBXBuildFile; fileRef = 9DB3AFB715FDD531008DE08E /* STViewController.xib */; };
		9DB3AFC315FDDC25008DE08E /* star.png in Resources */ = {isa = PBXBuildFile; fileRef = 9DB3AFC115FDDC25008DE08E /* star.png */; };
		9DB3AFC415FDDC25008DE08E /* star2.png in Resources */ = {isa = PBXBuildFile; fileRef = 9DB3AFC215FDDC25008DE08E /* star2.png */; };
/* End PBXBuildFile section */

/* Begin PBXFileReference section */
		9DB3AF9E15FDD531008DE08E /* SimpleTabel.app */ = {isa = PBXFileReference; explicitFileType = wrapper.application; includeInIndex = 0; path = SimpleTabel.app; sourceTree = BUILT_PRODUCTS_DIR; };
		9DB3AFA215FDD531008DE08E /* UIKit.framework */ = {isa = PBXFileReference; lastKnownFileType = wrapper.framework; name = UIKit.framework; path = System/Library/Frameworks/UIKit.framework; sourceTree = SDKROOT; };
		9DB3AFA415FDD531008DE08E /* Foundation.framework */ = {isa = PBXFileReference; lastKnownFileType = wrapper.framework; name = Foundation.framework; path = System/Library/Frameworks/Foundation.framework; sourceTree = SDKROOT; };
		9DB3AFA615FDD531008DE08E /* CoreGraphics.framework */ = {isa = PBXFileReference; lastKnownFileType = wrapper.framework; name = CoreGraphics.framework; path = System/Library/Frameworks/CoreGraphics.framework; sourceTree = SDKROOT; };
		9DB3AFAA15FDD531008DE08E /* SimpleTabel-Info.plist */ = {isa = PBXFileReference; lastKnownFileType = text.plist.xml; path = "SimpleTabel-Info.plist"; sourceTree = "<group>"; };
		9DB3AFAC15FDD531008DE08E /* en */ = {isa = PBXFileReference; lastKnownFileType = text.plist.strings; name = en; path = en.lproj/InfoPlist.strings; sourceTree = "<group>"; };
		9DB3AFAE15FDD531008DE08E /* main.m */ = {isa = PBXFileReference; lastKnownFileType = sourcecode.c.objc; path = main.m; sourceTree = "<group>"; };
		9DB3AFB015FDD531008DE08E /* SimpleTabel-Prefix.pch */ = {isa = PBXFileReference; lastKnownFileType = sourcecode.c.h; path = "SimpleTabel-Prefix.pch"; sourceTree = "<group>"; };
		9DB3AFB115FDD531008DE08E /* STAppDelegate.h */ = {isa = PBXFileReference; lastKnownFileType = sourcecode.c.h; path = STAppDelegate.h; sourceTree = "<group>"; };
		9DB3AFB215FDD531008DE08E /* STAppDelegate.m */ = {isa = PBXFileReference; lastKnownFileType = sourcecode.c.objc; path = STAppDelegate.m; sourceTree = "<group>"; };
		9DB3AFB415FDD531008DE08E /* STViewController.h */ = {isa = PBXFileReference; lastKnownFileType = sourcecode.c.h; path = STViewController.h; sourceTree = "<group>"; };
		9DB3AFB515FDD531008DE08E /* STViewController.m */ = {isa = PBXFileReference; lastKnownFileType = sourcecode.c.objc; path = STViewController.m; sourceTree = "<group>"; };
		9DB3AFB815FDD531008DE08E /* en */ = {isa = PBXFileReference; lastKnownFileType = file.xib; name = en; path = en.lproj/STViewController.xib; sourceTree = "<group>"; };
		9DB3AFC115FDDC25008DE08E /* star.png */ = {isa = PBXFileReference; lastKnownFileType = image.png; path = star.png; sourceTree = "<group>"; };
		9DB3AFC215FDDC25008DE08E /* star2.png */ = {isa = PBXFileReference; lastKnownFileType = image.png; path = star2.png; sourceTree = "<group>"; };
/* End PBXFileReference section */

/* Begin PBXFrameworksBuildPhase section */
		9DB3AF9B15FDD531008DE08E /* Frameworks */ = {
			isa = PBXFrameworksBuildPhase;
			buildActionMask = 2147483647;
			files = (
				9DB3AFA315FDD531008DE08E /* UIKit.framework in Frameworks */,
				9DB3AFA515FDD531008DE08E /* Foundation.framework in Frameworks */,
				9DB3AFA715FDD531008DE08E /* CoreGraphics.framework in Frameworks */,
			);
			runOnlyForDeploymentPostprocessing = 0;
		};
/* End PBXFrameworksBuildPhase section */

/* Begin PBXGroup section */
		9DB3AF9315FDD531008DE08E = {
			isa = PBXGroup;
			children = (
				9DB3AFBF15FDDC0D008DE08E /* resources */,
				9DB3AFA815FDD531008DE08E /* SimpleTabel */,
				9DB3AFA115FDD531008DE08E /* Frameworks */,
				9DB3AF9F15FDD531008DE08E /* Products */,
			);
			sourceTree = "<group>";
		};
		9DB3AF9F15FDD531008DE08E /* Products */ = {
			isa = PBXGroup;
			children = (
				9DB3AF9E15FDD531008DE08E /* SimpleTabel.app */,
			);
			name = Products;
			sourceTree = "<group>";
		};
		9DB3AFA115FDD531008DE08E /* Frameworks */ = {
			isa = PBXGroup;
			children = (
				9DB3AFA215FDD531008DE08E /* UIKit.framework */,
				9DB3AFA415FDD531008DE08E /* Foundation.framework */,
				9DB3AFA615FDD531008DE08E /* CoreGraphics.framework */,
			);
			name = Frameworks;
			sourceTree = "<group>";
		};
		9DB3AFA815FDD531008DE08E /* SimpleTabel */ = {
			isa = PBXGroup;
			children = (
				9DB3AFB115FDD531008DE08E /* STAppDelegate.h */,
				9DB3AFB215FDD531008DE08E /* STAppDelegate.m */,
				9DB3AFB415FDD531008DE08E /* STViewController.h */,
				9DB3AFB515FDD531008DE08E /* STViewController.m */,
				9DB3AFB715FDD531008DE08E /* STViewController.xib */,
				9DB3AFA915FDD531008DE08E /* Supporting Files */,
			);
			path = SimpleTabel;
			sourceTree = "<group>";
		};
		9DB3AFA915FDD531008DE08E /* Supporting Files */ = {
			isa = PBXGroup;
			children = (
				9DB3AFAA15FDD531008DE08E /* SimpleTabel-Info.plist */,
				9DB3AFAB15FDD531008DE08E /* InfoPlist.strings */,
				9DB3AFAE15FDD531008DE08E /* main.m */,
				9DB3AFB015FDD531008DE08E /* SimpleTabel-Prefix.pch */,
			);
			name = "Supporting Files";
			sourceTree = "<group>";
		};
		9DB3AFBF15FDDC0D008DE08E /* resources */ = {
			isa = PBXGroup;
			children = (
				9DB3AFC015FDDC18008DE08E /* image */,
			);
			name = resources;
			sourceTree = "<group>";
		};
		9DB3AFC015FDDC18008DE08E /* image */ = {
			isa = PBXGroup;
			children = (
				9DB3AFC115FDDC25008DE08E /* star.png */,
				9DB3AFC215FDDC25008DE08E /* star2.png */,
			);
			name = image;
			sourceTree = "<group>";
		};
/* End PBXGroup section */

/* Begin PBXNativeTarget section */
		9DB3AF9D15FDD531008DE08E /* SimpleTabel */ = {
			isa = PBXNativeTarget;
			buildConfigurationList = 9DB3AFBC15FDD531008DE08E /* Build configuration list for PBXNativeTarget "SimpleTabel" */;
			buildPhases = (
				9DB3AF9A15FDD531008DE08E /* Sources */,
				9DB3AF9B15FDD531008DE08E /* Frameworks */,
				9DB3AF9C15FDD531008DE08E /* Resources */,
			);
			buildRules = (
			);
			dependencies = (
			);
			name = SimpleTabel;
			productName = SimpleTabel;
			productReference = 9DB3AF9E15FDD531008DE08E /* SimpleTabel.app */;
			productType = "com.apple.product-type.application";
		};
/* End PBXNativeTarget section */

/* Begin PBXProject section */
		9DB3AF9515FDD531008DE08E /* Project object */ = {
			isa = PBXProject;
			attributes = {
				CLASSPREFIX = ST;
				LastUpgradeCheck = 0430;
			};
			buildConfigurationList = 9DB3AF9815FDD531008DE08E /* Build configuration list for PBXProject "SimpleTabel" */;
			compatibilityVersion = "Xcode 3.2";
			developmentRegion = English;
			hasScannedForEncodings = 0;
			knownRegions = (
				en,
			);
			mainGroup = 9DB3AF9315FDD531008DE08E;
			productRefGroup = 9DB3AF9F15FDD531008DE08E /* Products */;
			projectDirPath = "";
			projectRoot = "";
			targets = (
				9DB3AF9D15FDD531008DE08E /* SimpleTabel */,
			);
		};
/* End PBXProject section */

/* Begin PBXResourcesBuildPhase section */
		9DB3AF9C15FDD531008DE08E /* Resources */ = {
			isa = PBXResourcesBuildPhase;
			buildActionMask = 2147483647;
			files = (
				9DB3AFAD15FDD531008DE08E /* InfoPlist.strings in Resources */,
				9DB3AFB915FDD531008DE08E /* STViewController.xib in Resources */,
				9DB3AFC315FDDC25008DE08E /* star.png in Resources */,
				9DB3AFC415FDDC25008DE08E /* star2.png in Resources */,
			);
			runOnlyForDeploymentPostprocessing = 0;
		};
/* End PBXResourcesBuildPhase section */

/* Begin PBXSourcesBuildPhase section */
		9DB3AF9A15FDD531008DE08E /* Sources */ = {
			isa = PBXSourcesBuildPhase;
			buildActionMask = 2147483647;
			files = (
				9DB3AFAF15FDD531008DE08E /* main.m in Sources */,
				9DB3AFB315FDD531008DE08E /* STAppDelegate.m in Sources */,
				9DB3AFB615FDD531008DE08E /* STViewController.m in Sources */,
			);
			runOnlyForDeploymentPostprocessing = 0;
		};
/* End PBXSourcesBuildPhase section */

/* Begin PBXVariantGroup section */
		9DB3AFAB15FDD531008DE08E /* InfoPlist.strings */ = {
			isa = PBXVariantGroup;
			children = (
				9DB3AFAC15FDD531008DE08E /* en */,
			);
			name = InfoPlist.strings;
			sourceTree = "<group>";
		};
		9DB3AFB715FDD531008DE08E /* STViewController.xib */ = {
			isa = PBXVariantGroup;
			children = (
				9DB3AFB815FDD531008DE08E /* en */,
			);
			name = STViewController.xib;
			sourceTree = "<group>";
		};
/* End PBXVariantGroup section */

/* Begin XCBuildConfiguration section */
		9DB3AFBA15FDD531008DE08E /* Debug */ = {
			isa = XCBuildConfiguration;
			buildSettings = {
				ALWAYS_SEARCH_USER_PATHS = NO;
				ARCHS = "$(ARCHS_STANDARD_32_BIT)";
				"CODE_SIGN_IDENTITY[sdk=iphoneos*]" = "iPhone Developer";
				COPY_PHASE_STRIP = NO;
				GCC_C_LANGUAGE_STANDARD = gnu99;
				GCC_DYNAMIC_NO_PIC = NO;
				GCC_OPTIMIZATION_LEVEL = 0;
				GCC_PREPROCESSOR_DEFINITIONS = (
					"DEBUG=1",
					"$(inherited)",
				);
				GCC_SYMBOLS_PRIVATE_EXTERN = NO;
				GCC_VERSION = com.apple.compilers.llvm.clang.1_0;
				GCC_WARN_ABOUT_RETURN_TYPE = YES;
				GCC_WARN_UNINITIALIZED_AUTOS = YES;
				GCC_WARN_UNUSED_VARIABLE = YES;
				IPHONEOS_DEPLOYMENT_TARGET = 5.1;
				SDKROOT = iphoneos;
			};
			name = Debug;
		};
		9DB3AFBB15FDD531008DE08E /* Release */ = {
			isa = XCBuildConfiguration;
			buildSettings = {
				ALWAYS_SEARCH_USER_PATHS = NO;
				ARCHS = "$(ARCHS_STANDARD_32_BIT)";
				"CODE_SIGN_IDENTITY[sdk=iphoneos*]" = "iPhone Developer";
				COPY_PHASE_STRIP = YES;
				GCC_C_LANGUAGE_STANDARD = gnu99;
				GCC_VERSION = com.apple.compilers.llvm.clang.1_0;
				GCC_WARN_ABOUT_RETURN_TYPE = YES;
				GCC_WARN_UNINITIALIZED_AUTOS = YES;
				GCC_WARN_UNUSED_VARIABLE = YES;
				IPHONEOS_DEPLOYMENT_TARGET = 5.1;
				OTHER_CFLAGS = "-DNS_BLOCK_ASSERTIONS=1";
				SDKROOT = iphoneos;
				VALIDATE_PRODUCT = YES;
			};
			name = Release;
		};
		9DB3AFBD15FDD531008DE08E /* Debug */ = {
			isa = XCBuildConfiguration;
			buildSettings = {
				GCC_PRECOMPILE_PREFIX_HEADER = YES;
				GCC_PREFIX_HEADER = "SimpleTabel/SimpleTabel-Prefix.pch";
				INFOPLIST_FILE = "SimpleTabel/SimpleTabel-Info.plist";
				PRODUCT_NAME = "$(TARGET_NAME)";
				WRAPPER_EXTENSION = app;
			};
			name = Debug;
		};
		9DB3AFBE15FDD531008DE08E /* Release */ = {
			isa = XCBuildConfiguration;
			buildSettings = {
				GCC_PRECOMPILE_PREFIX_HEADER = YES;
				GCC_PREFIX_HEADER = "SimpleTabel/SimpleTabel-Prefix.pch";
				INFOPLIST_FILE = "SimpleTabel/SimpleTabel-Info.plist";
				PRODUCT_NAME = "$(TARGET_NAME)";
				WRAPPER_EXTENSION = app;
			};
			name = Release;
		};
/* End XCBuildConfiguration section */

/* Begin XCConfigurationList section */
		9DB3AF9815FDD531008DE08E /* Build configuration list for PBXProject "SimpleTabel" */ = {
			isa = XCConfigurationList;
			buildConfigurations = (
				9DB3AFBA15FDD531008DE08E /* Debug */,
				9DB3AFBB15FDD531008DE08E /* Release */,
			);
			defaultConfigurationIsVisible = 0;
			defaultConfigurationName = Release;
		};
		9DB3AFBC15FDD531008DE08E /* Build configuration list for PBXNativeTarget "SimpleTabel" */ = {
			isa = XCConfigurationList;
			buildConfigurations = (
				9DB3AFBD15FDD531008DE08E /* Debug */,
				9DB3AFBE15FDD531008DE08E /* Release */,
			);
			defaultConfigurationIsVisible = 0;
		};
/* End XCConfigurationList section */
	};
	rootObject = 9DB3AF9515FDD531008DE08E /* Project object */;
}
